// !$*UTF8*$!
{
	archiveVersion = 1;
	classes = {
	};
	objectVersion = 50;
	objects = {

/* Begin PBXBuildFile section */
		F6DF4CE3263577380075727F /* AppDelegate.swift in Sources */ = {isa = PBXBuildFile; fileRef = F6DF4CE2263577380075727F /* AppDelegate.swift */; };
		F6DF4CE5263577380075727F /* SceneDelegate.swift in Sources */ = {isa = PBXBuildFile; fileRef = F6DF4CE4263577380075727F /* SceneDelegate.swift */; };
		F6DF4CE7263577380075727F /* ViewController.swift in Sources */ = {isa = PBXBuildFile; fileRef = F6DF4CE6263577380075727F /* ViewController.swift */; };
		F6DF4CEA263577380075727F /* Main.storyboard in Resources */ = {isa = PBXBuildFile; fileRef = F6DF4CE8263577380075727F /* Main.storyboard */; };
		F6DF4CEC2635773B0075727F /* Assets.xcassets in Resources */ = {isa = PBXBuildFile; fileRef = F6DF4CEB2635773B0075727F /* Assets.xcassets */; };
		F6DF4CEF2635773B0075727F /* LaunchScreen.storyboard in Resources */ = {isa = PBXBuildFile; fileRef = F6DF4CED2635773B0075727F /* LaunchScreen.storyboard */; };
/* End PBXBuildFile section */

/* Begin PBXFileReference section */
		F6DF4CDF263577380075727F /* Anniversary-forgetting-prevention.app */ = {isa = PBXFileReference; explicitFileType = wrapper.application; includeInIndex = 0; path = "Anniversary-forgetting-prevention.app"; sourceTree = BUILT_PRODUCTS_DIR; };
		F6DF4CE2263577380075727F /* AppDelegate.swift */ = {isa = PBXFileReference; lastKnownFileType = sourcecode.swift; path = AppDelegate.swift; sourceTree = "<group>"; };
		F6DF4CE4263577380075727F /* SceneDelegate.swift */ = {isa = PBXFileReference; lastKnownFileType = sourcecode.swift; path = SceneDelegate.swift; sourceTree = "<group>"; };
		F6DF4CE6263577380075727F /* ViewController.swift */ = {isa = PBXFileReference; lastKnownFileType = sourcecode.swift; path = ViewController.swift; sourceTree = "<group>"; };
		F6DF4CE9263577380075727F /* Base */ = {isa = PBXFileReference; lastKnownFileType = file.storyboard; name = Base; path = Base.lproj/Main.storyboard; sourceTree = "<group>"; };
		F6DF4CEB2635773B0075727F /* Assets.xcassets */ = {isa = PBXFileReference; lastKnownFileType = folder.assetcatalog; path = Assets.xcassets; sourceTree = "<group>"; };
		F6DF4CEE2635773B0075727F /* Base */ = {isa = PBXFileReference; lastKnownFileType = file.storyboard; name = Base; path = Base.lproj/LaunchScreen.storyboard; sourceTree = "<group>"; };
		F6DF4CF02635773B0075727F /* Info.plist */ = {isa = PBXFileReference; lastKnownFileType = text.plist.xml; path = Info.plist; sourceTree = "<group>"; };
/* End PBXFileReference section */

/* Begin PBXFrameworksBuildPhase section */
		F6DF4CDC263577380075727F /* Frameworks */ = {
			isa = PBXFrameworksBuildPhase;
			buildActionMask = 2147483647;
			files = (
			);
			runOnlyForDeploymentPostprocessing = 0;
		};
/* End PBXFrameworksBuildPhase section */

/* Begin PBXGroup section */
		F6DF4CD6263577380075727F = {
			isa = PBXGroup;
			children = (
				F6DF4CE1263577380075727F /* Anniversary-forgetting-prevention */,
				F6DF4CE0263577380075727F /* Products */,
			);
			sourceTree = "<group>";
		};
		F6DF4CE0263577380075727F /* Products */ = {
			isa = PBXGroup;
			children = (
				F6DF4CDF263577380075727F /* Anniversary-forgetting-prevention.app */,
			);
			name = Products;
			sourceTree = "<group>";
		};
		F6DF4CE1263577380075727F /* Anniversary-forgetting-prevention */ = {
			isa = PBXGroup;
			children = (
				F6DF4CE2263577380075727F /* AppDelegate.swift */,
				F6DF4CE4263577380075727F /* SceneDelegate.swift */,
				F6DF4CE6263577380075727F /* ViewController.swift */,
				F6DF4CE8263577380075727F /* Main.storyboard */,
				F6DF4CEB2635773B0075727F /* Assets.xcassets */,
				F6DF4CED2635773B0075727F /* LaunchScreen.storyboard */,
				F6DF4CF02635773B0075727F /* Info.plist */,
			);
			path = "Anniversary-forgetting-prevention";
			sourceTree = "<group>";
		};
/* End PBXGroup section */

/* Begin PBXNativeTarget section */
		F6DF4CDE263577380075727F /* Anniversary-forgetting-prevention */ = {
			isa = PBXNativeTarget;
			buildConfigurationList = F6DF4CF32635773B0075727F /* Build configuration list for PBXNativeTarget "Anniversary-forgetting-prevention" */;
			buildPhases = (
				F6DF4CDB263577380075727F /* Sources */,
				F6DF4CDC263577380075727F /* Frameworks */,
				F6DF4CDD263577380075727F /* Resources */,
			);
			buildRules = (
			);
			dependencies = (
			);
			name = "Anniversary-forgetting-prevention";
			productName = "Anniversary-forgetting-prevention";
			productReference = F6DF4CDF263577380075727F /* Anniversary-forgetting-prevention.app */;
			productType = "com.apple.product-type.application";
		};
/* End PBXNativeTarget section */

/* Begin PBXProject section */
		F6DF4CD7263577380075727F /* Project object */ = {
			isa = PBXProject;
			attributes = {
				LastSwiftUpdateCheck = 1220;
				LastUpgradeCheck = 1220;
				TargetAttributes = {
					F6DF4CDE263577380075727F = {
						CreatedOnToolsVersion = 12.2;
					};
				};
			};
			buildConfigurationList = F6DF4CDA263577380075727F /* Build configuration list for PBXProject "Anniversary-forgetting-prevention" */;
			compatibilityVersion = "Xcode 9.3";
			developmentRegion = en;
			hasScannedForEncodings = 0;
			knownRegions = (
				en,
				Base,
			);
			mainGroup = F6DF4CD6263577380075727F;
			productRefGroup = F6DF4CE0263577380075727F /* Products */;
			projectDirPath = "";
			projectRoot = "";
			targets = (
				F6DF4CDE263577380075727F /* Anniversary-forgetting-prevention */,
			);
		};
/* End PBXProject section */

/* Begin PBXResourcesBuildPhase section */
		F6DF4CDD263577380075727F /* Resources */ = {
			isa = PBXResourcesBuildPhase;
			buildActionMask = 2147483647;
			files = (
				F6DF4CEF2635773B0075727F /* LaunchScreen.storyboard in Resources */,
				F6DF4CEC2635773B0075727F /* Assets.xcassets in Resources */,
				F6DF4CEA263577380075727F /* Main.storyboard in Resources */,
			);
			runOnlyForDeploymentPostprocessing = 0;
		};
/* End PBXResourcesBuildPhase section */

/* Begin PBXSourcesBuildPhase section */
		F6DF4CDB263577380075727F /* Sources */ = {
			isa = PBXSourcesBuildPhase;
			buildActionMask = 2147483647;
			files = (
				F6DF4CE7263577380075727F /* ViewController.swift in Sources */,
				F6DF4CE3263577380075727F /* AppDelegate.swift in Sources */,
				F6DF4CE5263577380075727F /* SceneDelegate.swift in Sources */,
			);
			runOnlyForDeploymentPostprocessing = 0;
		};
/* End PBXSourcesBuildPhase section */

/* Begin PBXVariantGroup section */
		F6DF4CE8263577380075727F /* Main.storyboard */ = {
			isa = PBXVariantGroup;
			children = (
				F6DF4CE9263577380075727F /* Base */,
			);
			name = Main.storyboard;
			sourceTree = "<group>";
		};
		F6DF4CED2635773B0075727F /* LaunchScreen.storyboard */ = {
			isa = PBXVariantGroup;
			children = (
				F6DF4CEE2635773B0075727F /* Base */,
			);
			name = LaunchScreen.storyboard;
			sourceTree = "<group>";
		};
/* End PBXVariantGroup section */

/* Begin XCBuildConfiguration section */
		F6DF4CF12635773B0075727F /* Debug */ = {
			isa = XCBuildConfiguration;
			buildSettings = {
				ALWAYS_SEARCH_USER_PATHS = NO;
				CLANG_ANALYZER_NONNULL = YES;
				CLANG_ANALYZER_NUMBER_OBJECT_CONVERSION = YES_AGGRESSIVE;
				CLANG_CXX_LANGUAGE_STANDARD = "gnu++14";
				CLANG_CXX_LIBRARY = "libc++";
				CLANG_ENABLE_MODULES = YES;
				CLANG_ENABLE_OBJC_ARC = YES;
				CLANG_ENABLE_OBJC_WEAK = YES;
				CLANG_WARN_BLOCK_CAPTURE_AUTORELEASING = YES;
				CLANG_WARN_BOOL_CONVERSION = YES;
				CLANG_WARN_COMMA = YES;
				CLANG_WARN_CONSTANT_CONVERSION = YES;
				CLANG_WARN_DEPRECATED_OBJC_IMPLEMENTATIONS = YES;
				CLANG_WARN_DIRECT_OBJC_ISA_USAGE = YES_ERROR;
				CLANG_WARN_DOCUMENTATION_COMMENTS = YES;
				CLANG_WARN_EMPTY_BODY = YES;
				CLANG_WARN_ENUM_CONVERSION = YES;
				CLANG_WARN_INFINITE_RECURSION = YES;
				CLANG_WARN_INT_CONVERSION = YES;
				CLANG_WARN_NON_LITERAL_NULL_CONVERSION = YES;
				CLANG_WARN_OBJC_IMPLICIT_RETAIN_SELF = YES;
				CLANG_WARN_OBJC_LITERAL_CONVERSION = YES;
				CLANG_WARN_OBJC_ROOT_CLASS = YES_ERROR;
				CLANG_WARN_QUOTED_INCLUDE_IN_FRAMEWORK_HEADER = YES;
				CLANG_WARN_RANGE_LOOP_ANALYSIS = YES;
				CLANG_WARN_STRICT_PROTOTYPES = YES;
				CLANG_WARN_SUSPICIOUS_MOVE = YES;
				CLANG_WARN_UNGUARDED_AVAILABILITY = YES_AGGRESSIVE;
				CLANG_WARN_UNREACHABLE_CODE = YES;
				CLANG_WARN__DUPLICATE_METHOD_MATCH = YES;
				COPY_PHASE_STRIP = NO;
				DEBUG_INFORMATION_FORMAT = dwarf;
				ENABLE_STRICT_OBJC_MSGSEND = YES;
				ENABLE_TESTABILITY = YES;
				GCC_C_LANGUAGE_STANDARD = gnu11;
				GCC_DYNAMIC_NO_PIC = NO;
				GCC_NO_COMMON_BLOCKS = YES;
				GCC_OPTIMIZATION_LEVEL = 0;
				GCC_PREPROCESSOR_DEFINITIONS = (
					"DEBUG=1",
					"$(inherited)",
				);
				GCC_WARN_64_TO_32_BIT_CONVERSION = YES;
				GCC_WARN_ABOUT_RETURN_TYPE = YES_ERROR;
				GCC_WARN_UNDECLARED_SELECTOR = YES;
				GCC_WARN_UNINITIALIZED_AUTOS = YES_AGGRESSIVE;
				GCC_WARN_UNUSED_FUNCTION = YES;
				GCC_WARN_UNUSED_VARIABLE = YES;
				IPHONEOS_DEPLOYMENT_TARGET = 14.2;
				MTL_ENABLE_DEBUG_INFO = INCLUDE_SOURCE;
				MTL_FAST_MATH = YES;
				ONLY_ACTIVE_ARCH = YES;
				SDKROOT = iphoneos;
				SWIFT_ACTIVE_COMPILATION_CONDITIONS = DEBUG;
				SWIFT_OPTIMIZATION_LEVEL = "-Onone";
			};
			name = Debug;
		};
		F6DF4CF22635773B0075727F /* Release */ = {
			isa = XCBuildConfiguration;
			buildSettings = {
				ALWAYS_SEARCH_USER_PATHS = NO;
				CLANG_ANALYZER_NONNULL = YES;
				CLANG_ANALYZER_NUMBER_OBJECT_CONVERSION = YES_AGGRESSIVE;
				CLANG_CXX_LANGUAGE_STANDARD = "gnu++14";
				CLANG_CXX_LIBRARY = "libc++";
				CLANG_ENABLE_MODULES = YES;
				CLANG_ENABLE_OBJC_ARC = YES;
				CLANG_ENABLE_OBJC_WEAK = YES;
				CLANG_WARN_BLOCK_CAPTURE_AUTORELEASING = YES;
				CLANG_WARN_BOOL_CONVERSION = YES;
				CLANG_WARN_COMMA = YES;
				CLANG_WARN_CONSTANT_CONVERSION = YES;
				CLANG_WARN_DEPRECATED_OBJC_IMPLEMENTATIONS = YES;
				CLANG_WARN_DIRECT_OBJC_ISA_USAGE = YES_ERROR;
				CLANG_WARN_DOCUMENTATION_COMMENTS = YES;
				CLANG_WARN_EMPTY_BODY = YES;
				CLANG_WARN_ENUM_CONVERSION = YES;
				CLANG_WARN_INFINITE_RECURSION = YES;
				CLANG_WARN_INT_CONVERSION = YES;
				CLANG_WARN_NON_LITERAL_NULL_CONVERSION = YES;
				CLANG_WARN_OBJC_IMPLICIT_RETAIN_SELF = YES;
				CLANG_WARN_OBJC_LITERAL_CONVERSION = YES;
				CLANG_WARN_OBJC_ROOT_CLASS = YES_ERROR;
				CLANG_WARN_QUOTED_INCLUDE_IN_FRAMEWORK_HEADER = YES;
				CLANG_WARN_RANGE_LOOP_ANALYSIS = YES;
				CLANG_WARN_STRICT_PROTOTYPES = YES;
				CLANG_WARN_SUSPICIOUS_MOVE = YES;
				CLANG_WARN_UNGUARDED_AVAILABILITY = YES_AGGRESSIVE;
				CLANG_WARN_UNREACHABLE_CODE = YES;
				CLANG_WARN__DUPLICATE_METHOD_MATCH = YES;
				COPY_PHASE_STRIP = NO;
				DEBUG_INFORMATION_FORMAT = "dwarf-with-dsym";
				ENABLE_NS_ASSERTIONS = NO;
				ENABLE_STRICT_OBJC_MSGSEND = YES;
				GCC_C_LANGUAGE_STANDARD = gnu11;
				GCC_NO_COMMON_BLOCKS = YES;
				GCC_WARN_64_TO_32_BIT_CONVERSION = YES;
				GCC_WARN_ABOUT_RETURN_TYPE = YES_ERROR;
				GCC_WARN_UNDECLARED_SELECTOR = YES;
				GCC_WARN_UNINITIALIZED_AUTOS = YES_AGGRESSIVE;
				GCC_WARN_UNUSED_FUNCTION = YES;
				GCC_WARN_UNUSED_VARIABLE = YES;
				IPHONEOS_DEPLOYMENT_TARGET = 14.2;
				MTL_ENABLE_DEBUG_INFO = NO;
				MTL_FAST_MATH = YES;
				SDKROOT = iphoneos;
				SWIFT_COMPILATION_MODE = wholemodule;
				SWIFT_OPTIMIZATION_LEVEL = "-O";
				VALIDATE_PRODUCT = YES;
			};
			name = Release;
		};
		F6DF4CF42635773B0075727F /* Debug */ = {
			isa = XCBuildConfiguration;
			buildSettings = {
				ASSETCATALOG_COMPILER_APPICON_NAME = AppIcon;
				ASSETCATALOG_COMPILER_GLOBAL_ACCENT_COLOR_NAME = AccentColor;
				CODE_SIGN_STYLE = Automatic;
				INFOPLIST_FILE = "Anniversary-forgetting-prevention/Info.plist";
				LD_RUNPATH_SEARCH_PATHS = (
					"$(inherited)",
					"@executable_path/Frameworks",
				);
				PRODUCT_BUNDLE_IDENTIFIER = "jp.Anniversary-forgetting-prevention.hiroshi.tokudomi.Anniversary-forgetting-prevention";
				PRODUCT_NAME = "$(TARGET_NAME)";
				SWIFT_VERSION = 5.0;
				TARGETED_DEVICE_FAMILY = "1,2";
			};
			name = Debug;
		};
		F6DF4CF52635773B0075727F /* Release */ = {
			isa = XCBuildConfiguration;
			buildSettings = {
				ASSETCATALOG_COMPILER_APPICON_NAME = AppIcon;
				ASSETCATALOG_COMPILER_GLOBAL_ACCENT_COLOR_NAME = AccentColor;
				CODE_SIGN_STYLE = Automatic;
				INFOPLIST_FILE = "Anniversary-forgetting-prevention/Info.plist";
				LD_RUNPATH_SEARCH_PATHS = (
					"$(inherited)",
					"@executable_path/Frameworks",
				);
				PRODUCT_BUNDLE_IDENTIFIER = "jp.Anniversary-forgetting-prevention.hiroshi.tokudomi.Anniversary-forgetting-prevention";
				PRODUCT_NAME = "$(TARGET_NAME)";
				SWIFT_VERSION = 5.0;
				TARGETED_DEVICE_FAMILY = "1,2";
			};
			name = Release;
		};
/* End XCBuildConfiguration section */

/* Begin XCConfigurationList section */
		F6DF4CDA263577380075727F /* Build configuration list for PBXProject "Anniversary-forgetting-prevention" */ = {
			isa = XCConfigurationList;
			buildConfigurations = (
				F6DF4CF12635773B0075727F /* Debug */,
				F6DF4CF22635773B0075727F /* Release */,
			);
			defaultConfigurationIsVisible = 0;
			defaultConfigurationName = Release;
		};
		F6DF4CF32635773B0075727F /* Build configuration list for PBXNativeTarget "Anniversary-forgetting-prevention" */ = {
			isa = XCConfigurationList;
			buildConfigurations = (
				F6DF4CF42635773B0075727F /* Debug */,
				F6DF4CF52635773B0075727F /* Release */,
			);
			defaultConfigurationIsVisible = 0;
			defaultConfigurationName = Release;
		};
/* End XCConfigurationList section */
	};
	rootObject = F6DF4CD7263577380075727F /* Project object */;
}
